// !$*UTF8*$!
{
	archiveVersion = 1;
	classes = {
	};
	objectVersion = 46;
	objects = {

/* Begin PBXBuildFile section */
		EE052A571CFEB40200D6D5B7 /* Tag.xcassets in Resources */ = {isa = PBXBuildFile; fileRef = EE052A561CFEB40200D6D5B7 /* Tag.xcassets */; };
		EE052A5A1CFEB4FE00D6D5B7 /* TagUIView.m in Sources */ = {isa = PBXBuildFile; fileRef = EE052A591CFEB4FE00D6D5B7 /* TagUIView.m */; };
		EE0C3AF51CFD83F600377C5A /* main.m in Sources */ = {isa = PBXBuildFile; fileRef = EE0C3AF41CFD83F600377C5A /* main.m */; };
		EE0C3AF81CFD83F600377C5A /* AppDelegate.m in Sources */ = {isa = PBXBuildFile; fileRef = EE0C3AF71CFD83F600377C5A /* AppDelegate.m */; };
		EE0C3AFB1CFD83F600377C5A /* ViewController.m in Sources */ = {isa = PBXBuildFile; fileRef = EE0C3AFA1CFD83F600377C5A /* ViewController.m */; };
		EE0C3AFE1CFD83F600377C5A /* Main.storyboard in Resources */ = {isa = PBXBuildFile; fileRef = EE0C3AFC1CFD83F600377C5A /* Main.storyboard */; };
		EE0C3B001CFD83F600377C5A /* Assets.xcassets in Resources */ = {isa = PBXBuildFile; fileRef = EE0C3AFF1CFD83F600377C5A /* Assets.xcassets */; };
		EE0C3B031CFD83F600377C5A /* LaunchScreen.storyboard in Resources */ = {isa = PBXBuildFile; fileRef = EE0C3B011CFD83F600377C5A /* LaunchScreen.storyboard */; };
		EE0C3B0D1CFD982000377C5A /* TagButton.m in Sources */ = {isa = PBXBuildFile; fileRef = EE0C3B0C1CFD982000377C5A /* TagButton.m */; };
		EE8E625F1CFE8D2800621417 /* Common.m in Sources */ = {isa = PBXBuildFile; fileRef = EE8E625E1CFE8D2800621417 /* Common.m */; };
/* End PBXBuildFile section */

/* Begin PBXFileReference section */
		EE052A541CFE967D00D6D5B7 /* UIFlowPrefixHeader.pch */ = {isa = PBXFileReference; lastKnownFileType = sourcecode.c.h; path = UIFlowPrefixHeader.pch; sourceTree = "<group>"; };
		EE052A561CFEB40200D6D5B7 /* Tag.xcassets */ = {isa = PBXFileReference; lastKnownFileType = folder.assetcatalog; path = Tag.xcassets; sourceTree = "<group>"; };
		EE052A581CFEB4FE00D6D5B7 /* TagUIView.h */ = {isa = PBXFileReference; fileEncoding = 4; lastKnownFileType = sourcecode.c.h; path = TagUIView.h; sourceTree = "<group>"; };
		EE052A591CFEB4FE00D6D5B7 /* TagUIView.m */ = {isa = PBXFileReference; fileEncoding = 4; lastKnownFileType = sourcecode.c.objc; path = TagUIView.m; sourceTree = "<group>"; };
		EE0C3AF01CFD83F600377C5A /* UIFlow.app */ = {isa = PBXFileReference; explicitFileType = wrapper.application; includeInIndex = 0; path = UIFlow.app; sourceTree = BUILT_PRODUCTS_DIR; };
		EE0C3AF41CFD83F600377C5A /* main.m */ = {isa = PBXFileReference; lastKnownFileType = sourcecode.c.objc; path = main.m; sourceTree = "<group>"; };
		EE0C3AF61CFD83F600377C5A /* AppDelegate.h */ = {isa = PBXFileReference; lastKnownFileType = sourcecode.c.h; path = AppDelegate.h; sourceTree = "<group>"; };
		EE0C3AF71CFD83F600377C5A /* AppDelegate.m */ = {isa = PBXFileReference; lastKnownFileType = sourcecode.c.objc; path = AppDelegate.m; sourceTree = "<group>"; };
		EE0C3AF91CFD83F600377C5A /* ViewController.h */ = {isa = PBXFileReference; lastKnownFileType = sourcecode.c.h; path = ViewController.h; sourceTree = "<group>"; };
		EE0C3AFA1CFD83F600377C5A /* ViewController.m */ = {isa = PBXFileReference; lastKnownFileType = sourcecode.c.objc; path = ViewController.m; sourceTree = "<group>"; };
		EE0C3AFD1CFD83F600377C5A /* Base */ = {isa = PBXFileReference; lastKnownFileType = file.storyboard; name = Base; path = Base.lproj/Main.storyboard; sourceTree = "<group>"; };
		EE0C3AFF1CFD83F600377C5A /* Assets.xcassets */ = {isa = PBXFileReference; lastKnownFileType = folder.assetcatalog; path = Assets.xcassets; sourceTree = "<group>"; };
		EE0C3B021CFD83F600377C5A /* Base */ = {isa = PBXFileReference; lastKnownFileType = file.storyboard; name = Base; path = Base.lproj/LaunchScreen.storyboard; sourceTree = "<group>"; };
		EE0C3B041CFD83F600377C5A /* Info.plist */ = {isa = PBXFileReference; lastKnownFileType = text.plist.xml; path = Info.plist; sourceTree = "<group>"; };
		EE0C3B0B1CFD982000377C5A /* TagButton.h */ = {isa = PBXFileReference; fileEncoding = 4; lastKnownFileType = sourcecode.c.h; path = TagButton.h; sourceTree = "<group>"; };
		EE0C3B0C1CFD982000377C5A /* TagButton.m */ = {isa = PBXFileReference; fileEncoding = 4; lastKnownFileType = sourcecode.c.objc; path = TagButton.m; sourceTree = "<group>"; };
		EE8E625D1CFE8D2800621417 /* Common.h */ = {isa = PBXFileReference; fileEncoding = 4; lastKnownFileType = sourcecode.c.h; path = Common.h; sourceTree = "<group>"; };
		EE8E625E1CFE8D2800621417 /* Common.m */ = {isa = PBXFileReference; fileEncoding = 4; lastKnownFileType = sourcecode.c.objc; path = Common.m; sourceTree = "<group>"; };
/* End PBXFileReference section */

/* Begin PBXFrameworksBuildPhase section */
		EE0C3AED1CFD83F600377C5A /* Frameworks */ = {
			isa = PBXFrameworksBuildPhase;
			buildActionMask = 2147483647;
			files = (
			);
			runOnlyForDeploymentPostprocessing = 0;
		};
/* End PBXFrameworksBuildPhase section */

/* Begin PBXGroup section */
		EE052A551CFEB3E900D6D5B7 /* Resources */ = {
			isa = PBXGroup;
			children = (
				EE052A561CFEB40200D6D5B7 /* Tag.xcassets */,
			);
			path = Resources;
			sourceTree = "<group>";
		};
		EE0C3AE71CFD83F600377C5A = {
			isa = PBXGroup;
			children = (
				EE0C3AF21CFD83F600377C5A /* UIFlow */,
				EE0C3AF11CFD83F600377C5A /* Products */,
			);
			sourceTree = "<group>";
		};
		EE0C3AF11CFD83F600377C5A /* Products */ = {
			isa = PBXGroup;
			children = (
				EE0C3AF01CFD83F600377C5A /* UIFlow.app */,
			);
			name = Products;
			sourceTree = "<group>";
		};
		EE0C3AF21CFD83F600377C5A /* UIFlow */ = {
			isa = PBXGroup;
			children = (
				EE8E625C1CFE8D1600621417 /* Classes */,
				EE052A551CFEB3E900D6D5B7 /* Resources */,
				EE0C3B0A1CFD980500377C5A /* Views */,
				EE0C3AF61CFD83F600377C5A /* AppDelegate.h */,
				EE0C3AF71CFD83F600377C5A /* AppDelegate.m */,
				EE0C3AF91CFD83F600377C5A /* ViewController.h */,
				EE0C3AFA1CFD83F600377C5A /* ViewController.m */,
				EE0C3AFC1CFD83F600377C5A /* Main.storyboard */,
				EE0C3AFF1CFD83F600377C5A /* Assets.xcassets */,
				EE0C3B011CFD83F600377C5A /* LaunchScreen.storyboard */,
				EE0C3B041CFD83F600377C5A /* Info.plist */,
				EE0C3AF31CFD83F600377C5A /* Supporting Files */,
			);
			path = UIFlow;
			sourceTree = "<group>";
		};
		EE0C3AF31CFD83F600377C5A /* Supporting Files */ = {
			isa = PBXGroup;
			children = (
				EE0C3AF41CFD83F600377C5A /* main.m */,
				EE052A541CFE967D00D6D5B7 /* UIFlowPrefixHeader.pch */,
			);
			name = "Supporting Files";
			sourceTree = "<group>";
		};
		EE0C3B0A1CFD980500377C5A /* Views */ = {
			isa = PBXGroup;
			children = (
				EE0C3B0B1CFD982000377C5A /* TagButton.h */,
				EE0C3B0C1CFD982000377C5A /* TagButton.m */,
				EE052A581CFEB4FE00D6D5B7 /* TagUIView.h */,
				EE052A591CFEB4FE00D6D5B7 /* TagUIView.m */,
			);
			path = Views;
			sourceTree = "<group>";
		};
		EE8E625C1CFE8D1600621417 /* Classes */ = {
			isa = PBXGroup;
			children = (
				EE8E625D1CFE8D2800621417 /* Common.h */,
				EE8E625E1CFE8D2800621417 /* Common.m */,
			);
			path = Classes;
			sourceTree = "<group>";
		};
/* End PBXGroup section */

/* Begin PBXNativeTarget section */
		EE0C3AEF1CFD83F600377C5A /* UIFlow */ = {
			isa = PBXNativeTarget;
			buildConfigurationList = EE0C3B071CFD83F600377C5A /* Build configuration list for PBXNativeTarget "UIFlow" */;
			buildPhases = (
				EE0C3AEC1CFD83F600377C5A /* Sources */,
				EE0C3AED1CFD83F600377C5A /* Frameworks */,
				EE0C3AEE1CFD83F600377C5A /* Resources */,
			);
			buildRules = (
			);
			dependencies = (
			);
			name = UIFlow;
			productName = UIFlow;
			productReference = EE0C3AF01CFD83F600377C5A /* UIFlow.app */;
			productType = "com.apple.product-type.application";
		};
/* End PBXNativeTarget section */

/* Begin PBXProject section */
		EE0C3AE81CFD83F600377C5A /* Project object */ = {
			isa = PBXProject;
			attributes = {
				LastUpgradeCheck = 0730;
				ORGANIZATIONNAME = adways;
				TargetAttributes = {
					EE0C3AEF1CFD83F600377C5A = {
						CreatedOnToolsVersion = 7.3.1;
						DevelopmentTeam = 2B889MA252;
					};
				};
			};
			buildConfigurationList = EE0C3AEB1CFD83F600377C5A /* Build configuration list for PBXProject "UIFlow" */;
			compatibilityVersion = "Xcode 3.2";
			developmentRegion = English;
			hasScannedForEncodings = 0;
			knownRegions = (
				en,
				Base,
			);
			mainGroup = EE0C3AE71CFD83F600377C5A;
			productRefGroup = EE0C3AF11CFD83F600377C5A /* Products */;
			projectDirPath = "";
			projectRoot = "";
			targets = (
				EE0C3AEF1CFD83F600377C5A /* UIFlow */,
			);
		};
/* End PBXProject section */

/* Begin PBXResourcesBuildPhase section */
		EE0C3AEE1CFD83F600377C5A /* Resources */ = {
			isa = PBXResourcesBuildPhase;
			buildActionMask = 2147483647;
			files = (
				EE052A571CFEB40200D6D5B7 /* Tag.xcassets in Resources */,
				EE0C3B031CFD83F600377C5A /* LaunchScreen.storyboard in Resources */,
				EE0C3B001CFD83F600377C5A /* Assets.xcassets in Resources */,
				EE0C3AFE1CFD83F600377C5A /* Main.storyboard in Resources */,
			);
			runOnlyForDeploymentPostprocessing = 0;
		};
/* End PBXResourcesBuildPhase section */

/* Begin PBXSourcesBuildPhase section */
		EE0C3AEC1CFD83F600377C5A /* Sources */ = {
			isa = PBXSourcesBuildPhase;
			buildActionMask = 2147483647;
			files = (
				EE0C3AFB1CFD83F600377C5A /* ViewController.m in Sources */,
				EE0C3AF81CFD83F600377C5A /* AppDelegate.m in Sources */,
				EE8E625F1CFE8D2800621417 /* Common.m in Sources */,
				EE0C3B0D1CFD982000377C5A /* TagButton.m in Sources */,
				EE0C3AF51CFD83F600377C5A /* main.m in Sources */,
				EE052A5A1CFEB4FE00D6D5B7 /* TagUIView.m in Sources */,
			);
			runOnlyForDeploymentPostprocessing = 0;
		};
/* End PBXSourcesBuildPhase section */

/* Begin PBXVariantGroup section */
		EE0C3AFC1CFD83F600377C5A /* Main.storyboard */ = {
			isa = PBXVariantGroup;
			children = (
				EE0C3AFD1CFD83F600377C5A /* Base */,
			);
			name = Main.storyboard;
			sourceTree = "<group>";
		};
		EE0C3B011CFD83F600377C5A /* LaunchScreen.storyboard */ = {
			isa = PBXVariantGroup;
			children = (
				EE0C3B021CFD83F600377C5A /* Base */,
			);
			name = LaunchScreen.storyboard;
			sourceTree = "<group>";
		};
/* End PBXVariantGroup section */

/* Begin XCBuildConfiguration section */
		EE0C3B051CFD83F600377C5A /* Debug */ = {
			isa = XCBuildConfiguration;
			buildSettings = {
				ALWAYS_SEARCH_USER_PATHS = NO;
				CLANG_ANALYZER_NONNULL = YES;
				CLANG_CXX_LANGUAGE_STANDARD = "gnu++0x";
				CLANG_CXX_LIBRARY = "libc++";
				CLANG_ENABLE_MODULES = YES;
				CLANG_ENABLE_OBJC_ARC = YES;
				CLANG_WARN_BOOL_CONVERSION = YES;
				CLANG_WARN_CONSTANT_CONVERSION = YES;
				CLANG_WARN_DIRECT_OBJC_ISA_USAGE = YES_ERROR;
				CLANG_WARN_EMPTY_BODY = YES;
				CLANG_WARN_ENUM_CONVERSION = YES;
				CLANG_WARN_INT_CONVERSION = YES;
				CLANG_WARN_OBJC_ROOT_CLASS = YES_ERROR;
				CLANG_WARN_UNREACHABLE_CODE = YES;
				CLANG_WARN__DUPLICATE_METHOD_MATCH = YES;
				"CODE_SIGN_IDENTITY[sdk=iphoneos*]" = "iPhone Developer";
				COPY_PHASE_STRIP = NO;
				DEBUG_INFORMATION_FORMAT = dwarf;
				ENABLE_STRICT_OBJC_MSGSEND = YES;
				ENABLE_TESTABILITY = YES;
				GCC_C_LANGUAGE_STANDARD = gnu99;
				GCC_DYNAMIC_NO_PIC = NO;
				GCC_NO_COMMON_BLOCKS = YES;
				GCC_OPTIMIZATION_LEVEL = 0;
				GCC_PRECOMPILE_PREFIX_HEADER = NO;
				GCC_PREPROCESSOR_DEFINITIONS = (
					"DEBUG=1",
					"$(inherited)",
				);
				GCC_WARN_64_TO_32_BIT_CONVERSION = YES;
				GCC_WARN_ABOUT_RETURN_TYPE = YES_ERROR;
				GCC_WARN_UNDECLARED_SELECTOR = YES;
				GCC_WARN_UNINITIALIZED_AUTOS = YES_AGGRESSIVE;
				GCC_WARN_UNUSED_FUNCTION = YES;
				GCC_WARN_UNUSED_VARIABLE = YES;
				IPHONEOS_DEPLOYMENT_TARGET = 8.0;
				MTL_ENABLE_DEBUG_INFO = YES;
				ONLY_ACTIVE_ARCH = YES;
				SDKROOT = iphoneos;
			};
			name = Debug;
		};
		EE0C3B061CFD83F600377C5A /* Release */ = {
			isa = XCBuildConfiguration;
			buildSettings = {
				ALWAYS_SEARCH_USER_PATHS = NO;
				CLANG_ANALYZER_NONNULL = YES;
				CLANG_CXX_LANGUAGE_STANDARD = "gnu++0x";
				CLANG_CXX_LIBRARY = "libc++";
				CLANG_ENABLE_MODULES = YES;
				CLANG_ENABLE_OBJC_ARC = YES;
				CLANG_WARN_BOOL_CONVERSION = YES;
				CLANG_WARN_CONSTANT_CONVERSION = YES;
				CLANG_WARN_DIRECT_OBJC_ISA_USAGE = YES_ERROR;
				CLANG_WARN_EMPTY_BODY = YES;
				CLANG_WARN_ENUM_CONVERSION = YES;
				CLANG_WARN_INT_CONVERSION = YES;
				CLANG_WARN_OBJC_ROOT_CLASS = YES_ERROR;
				CLANG_WARN_UNREACHABLE_CODE = YES;
				CLANG_WARN__DUPLICATE_METHOD_MATCH = YES;
				"CODE_SIGN_IDENTITY[sdk=iphoneos*]" = "iPhone Developer";
				COPY_PHASE_STRIP = NO;
				DEBUG_INFORMATION_FORMAT = "dwarf-with-dsym";
				ENABLE_NS_ASSERTIONS = NO;
				ENABLE_STRICT_OBJC_MSGSEND = YES;
				GCC_C_LANGUAGE_STANDARD = gnu99;
				GCC_NO_COMMON_BLOCKS = YES;
				GCC_PRECOMPILE_PREFIX_HEADER = NO;
				GCC_WARN_64_TO_32_BIT_CONVERSION = YES;
				GCC_WARN_ABOUT_RETURN_TYPE = YES_ERROR;
				GCC_WARN_UNDECLARED_SELECTOR = YES;
				GCC_WARN_UNINITIALIZED_AUTOS = YES_AGGRESSIVE;
				GCC_WARN_UNUSED_FUNCTION = YES;
				GCC_WARN_UNUSED_VARIABLE = YES;
				IPHONEOS_DEPLOYMENT_TARGET = 8.0;
				MTL_ENABLE_DEBUG_INFO = NO;
				SDKROOT = iphoneos;
				VALIDATE_PRODUCT = YES;
			};
			name = Release;
		};
		EE0C3B081CFD83F600377C5A /* Debug */ = {
			isa = XCBuildConfiguration;
			buildSettings = {
				ASSETCATALOG_COMPILER_APPICON_NAME = AppIcon;
				GCC_PRECOMPILE_PREFIX_HEADER = NO;
				GCC_PREFIX_HEADER = UIFlow/UIFlowPrefixHeader.pch;
				INFOPLIST_FILE = UIFlow/Info.plist;
				LD_RUNPATH_SEARCH_PATHS = "$(inherited) @executable_path/Frameworks";
				PRODUCT_BUNDLE_IDENTIFIER = com.adways.UIFlow;
				PRODUCT_NAME = "$(TARGET_NAME)";
			};
			name = Debug;
		};
		EE0C3B091CFD83F600377C5A /* Release */ = {
			isa = XCBuildConfiguration;
			buildSettings = {
				ASSETCATALOG_COMPILER_APPICON_NAME = AppIcon;
				GCC_PRECOMPILE_PREFIX_HEADER = NO;
				GCC_PREFIX_HEADER = UIFlow/UIFlowPrefixHeader.pch;
				INFOPLIST_FILE = UIFlow/Info.plist;
				LD_RUNPATH_SEARCH_PATHS = "$(inherited) @executable_path/Frameworks";
				PRODUCT_BUNDLE_IDENTIFIER = com.adways.UIFlow;
				PRODUCT_NAME = "$(TARGET_NAME)";
			};
			name = Release;
		};
/* End XCBuildConfiguration section */

/* Begin XCConfigurationList section */
		EE0C3AEB1CFD83F600377C5A /* Build configuration list for PBXProject "UIFlow" */ = {
			isa = XCConfigurationList;
			buildConfigurations = (
				EE0C3B051CFD83F600377C5A /* Debug */,
				EE0C3B061CFD83F600377C5A /* Release */,
			);
			defaultConfigurationIsVisible = 0;
			defaultConfigurationName = Release;
		};
		EE0C3B071CFD83F600377C5A /* Build configuration list for PBXNativeTarget "UIFlow" */ = {
			isa = XCConfigurationList;
			buildConfigurations = (
				EE0C3B081CFD83F600377C5A /* Debug */,
				EE0C3B091CFD83F600377C5A /* Release */,
			);
			defaultConfigurationIsVisible = 0;
			defaultConfigurationName = Release;
		};
/* End XCConfigurationList section */
	};
	rootObject = EE0C3AE81CFD83F600377C5A /* Project object */;
}
